// !$*UTF8*$!
{
	archiveVersion = 1;
	classes = {
	};
	objectVersion = 56;
	objects = {

/* Begin PBXBuildFile section */
		692A8DBD299CD175008AFD27 /* TerminaTest-Thin.otf in Resources */ = {isa = PBXBuildFile; fileRef = 692A8DBB299CD175008AFD27 /* TerminaTest-Thin.otf */; };
		692A8DBE299CD175008AFD27 /* TerminaTest-Regular.otf in Resources */ = {isa = PBXBuildFile; fileRef = 692A8DBC299CD175008AFD27 /* TerminaTest-Regular.otf */; };
		693647672997F4B900E7E8A1 /* TimerApp.swift in Sources */ = {isa = PBXBuildFile; fileRef = 693647662997F4B900E7E8A1 /* TimerApp.swift */; };
		693647692997F4B900E7E8A1 /* ContentView.swift in Sources */ = {isa = PBXBuildFile; fileRef = 693647682997F4B900E7E8A1 /* ContentView.swift */; };
		6936476B2997F4BA00E7E8A1 /* Assets.xcassets in Resources */ = {isa = PBXBuildFile; fileRef = 6936476A2997F4BA00E7E8A1 /* Assets.xcassets */; };
		6936476E2997F4BA00E7E8A1 /* Preview Assets.xcassets in Resources */ = {isa = PBXBuildFile; fileRef = 6936476D2997F4BA00E7E8A1 /* Preview Assets.xcassets */; };
		693647782997F4BA00E7E8A1 /* TimerTests.swift in Sources */ = {isa = PBXBuildFile; fileRef = 693647772997F4BA00E7E8A1 /* TimerTests.swift */; };
		693647822997F4BA00E7E8A1 /* TimerUITests.swift in Sources */ = {isa = PBXBuildFile; fileRef = 693647812997F4BA00E7E8A1 /* TimerUITests.swift */; };
		693647842997F4BA00E7E8A1 /* TimerUITestsLaunchTests.swift in Sources */ = {isa = PBXBuildFile; fileRef = 693647832997F4BA00E7E8A1 /* TimerUITestsLaunchTests.swift */; };
		693647932999871E00E7E8A1 /* TimerModel.swift in Sources */ = {isa = PBXBuildFile; fileRef = 693647922999871E00E7E8A1 /* TimerModel.swift */; };
		693647952999879100E7E8A1 /* Home.swift in Sources */ = {isa = PBXBuildFile; fileRef = 693647942999879100E7E8A1 /* Home.swift */; };
		697B884B299CC787003681F1 /* ButtonPressAction.swift in Sources */ = {isa = PBXBuildFile; fileRef = 697B884A299CC787003681F1 /* ButtonPressAction.swift */; };
/* End PBXBuildFile section */

/* Begin PBXContainerItemProxy section */
		693647742997F4BA00E7E8A1 /* PBXContainerItemProxy */ = {
			isa = PBXContainerItemProxy;
			containerPortal = 6936475B2997F4B900E7E8A1 /* Project object */;
			proxyType = 1;
			remoteGlobalIDString = 693647622997F4B900E7E8A1;
			remoteInfo = Timer;
		};
		6936477E2997F4BA00E7E8A1 /* PBXContainerItemProxy */ = {
			isa = PBXContainerItemProxy;
			containerPortal = 6936475B2997F4B900E7E8A1 /* Project object */;
			proxyType = 1;
			remoteGlobalIDString = 693647622997F4B900E7E8A1;
			remoteInfo = Timer;
		};
/* End PBXContainerItemProxy section */

/* Begin PBXFileReference section */
		692A8DBB299CD175008AFD27 /* TerminaTest-Thin.otf */ = {isa = PBXFileReference; lastKnownFileType = file; name = "TerminaTest-Thin.otf"; path = "../../../../../../Downloads/Termina Test/TerminaTest-Thin.otf"; sourceTree = "<group>"; };
		692A8DBC299CD175008AFD27 /* TerminaTest-Regular.otf */ = {isa = PBXFileReference; lastKnownFileType = file; name = "TerminaTest-Regular.otf"; path = "../../../../../../Downloads/Termina Test/TerminaTest-Regular.otf"; sourceTree = "<group>"; };
		692A8DBF299CD2A9008AFD27 /* Info.plist */ = {isa = PBXFileReference; lastKnownFileType = text.plist; path = Info.plist; sourceTree = "<group>"; };
		693647632997F4B900E7E8A1 /* Timer.app */ = {isa = PBXFileReference; explicitFileType = wrapper.application; includeInIndex = 0; path = Timer.app; sourceTree = BUILT_PRODUCTS_DIR; };
		693647662997F4B900E7E8A1 /* TimerApp.swift */ = {isa = PBXFileReference; lastKnownFileType = sourcecode.swift; path = TimerApp.swift; sourceTree = "<group>"; };
		693647682997F4B900E7E8A1 /* ContentView.swift */ = {isa = PBXFileReference; lastKnownFileType = sourcecode.swift; path = ContentView.swift; sourceTree = "<group>"; };
		6936476A2997F4BA00E7E8A1 /* Assets.xcassets */ = {isa = PBXFileReference; lastKnownFileType = folder.assetcatalog; path = Assets.xcassets; sourceTree = "<group>"; };
		6936476D2997F4BA00E7E8A1 /* Preview Assets.xcassets */ = {isa = PBXFileReference; lastKnownFileType = folder.assetcatalog; path = "Preview Assets.xcassets"; sourceTree = "<group>"; };
		693647732997F4BA00E7E8A1 /* TimerTests.xctest */ = {isa = PBXFileReference; explicitFileType = wrapper.cfbundle; includeInIndex = 0; path = TimerTests.xctest; sourceTree = BUILT_PRODUCTS_DIR; };
		693647772997F4BA00E7E8A1 /* TimerTests.swift */ = {isa = PBXFileReference; lastKnownFileType = sourcecode.swift; path = TimerTests.swift; sourceTree = "<group>"; };
		6936477D2997F4BA00E7E8A1 /* TimerUITests.xctest */ = {isa = PBXFileReference; explicitFileType = wrapper.cfbundle; includeInIndex = 0; path = TimerUITests.xctest; sourceTree = BUILT_PRODUCTS_DIR; };
		693647812997F4BA00E7E8A1 /* TimerUITests.swift */ = {isa = PBXFileReference; lastKnownFileType = sourcecode.swift; path = TimerUITests.swift; sourceTree = "<group>"; };
		693647832997F4BA00E7E8A1 /* TimerUITestsLaunchTests.swift */ = {isa = PBXFileReference; lastKnownFileType = sourcecode.swift; path = TimerUITestsLaunchTests.swift; sourceTree = "<group>"; };
		693647922999871E00E7E8A1 /* TimerModel.swift */ = {isa = PBXFileReference; lastKnownFileType = sourcecode.swift; path = TimerModel.swift; sourceTree = "<group>"; };
		693647942999879100E7E8A1 /* Home.swift */ = {isa = PBXFileReference; lastKnownFileType = sourcecode.swift; path = Home.swift; sourceTree = "<group>"; };
		697B884A299CC787003681F1 /* ButtonPressAction.swift */ = {isa = PBXFileReference; lastKnownFileType = sourcecode.swift; path = ButtonPressAction.swift; sourceTree = "<group>"; };
/* End PBXFileReference section */

/* Begin PBXFrameworksBuildPhase section */
		693647602997F4B900E7E8A1 /* Frameworks */ = {
			isa = PBXFrameworksBuildPhase;
			buildActionMask = 2147483647;
			files = (
			);
			runOnlyForDeploymentPostprocessing = 0;
		};
		693647702997F4BA00E7E8A1 /* Frameworks */ = {
			isa = PBXFrameworksBuildPhase;
			buildActionMask = 2147483647;
			files = (
			);
			runOnlyForDeploymentPostprocessing = 0;
		};
		6936477A2997F4BA00E7E8A1 /* Frameworks */ = {
			isa = PBXFrameworksBuildPhase;
			buildActionMask = 2147483647;
			files = (
			);
			runOnlyForDeploymentPostprocessing = 0;
		};
/* End PBXFrameworksBuildPhase section */

/* Begin PBXGroup section */
		692A084B299C05D5006F8632 /* Fonts */ = {
			isa = PBXGroup;
			children = (
				692A8DBC299CD175008AFD27 /* TerminaTest-Regular.otf */,
				692A8DBB299CD175008AFD27 /* TerminaTest-Thin.otf */,
			);
			path = Fonts;
			sourceTree = "<group>";
		};
		6936475A2997F4B900E7E8A1 = {
			isa = PBXGroup;
			children = (
				693647652997F4B900E7E8A1 /* Timer */,
				693647762997F4BA00E7E8A1 /* TimerTests */,
				693647802997F4BA00E7E8A1 /* TimerUITests */,
				693647642997F4B900E7E8A1 /* Products */,
			);
			sourceTree = "<group>";
		};
		693647642997F4B900E7E8A1 /* Products */ = {
			isa = PBXGroup;
			children = (
				693647632997F4B900E7E8A1 /* Timer.app */,
				693647732997F4BA00E7E8A1 /* TimerTests.xctest */,
				6936477D2997F4BA00E7E8A1 /* TimerUITests.xctest */,
			);
			name = Products;
			sourceTree = "<group>";
		};
		693647652997F4B900E7E8A1 /* Timer */ = {
			isa = PBXGroup;
			children = (
				692A8DBF299CD2A9008AFD27 /* Info.plist */,
				692A084B299C05D5006F8632 /* Fonts */,
				693647912999870800E7E8A1 /* ViewModel */,
				69364790299986FD00E7E8A1 /* View */,
				693647662997F4B900E7E8A1 /* TimerApp.swift */,
				693647682997F4B900E7E8A1 /* ContentView.swift */,
				6936476A2997F4BA00E7E8A1 /* Assets.xcassets */,
				6936476C2997F4BA00E7E8A1 /* Preview Content */,
				697B884A299CC787003681F1 /* ButtonPressAction.swift */,
			);
			path = Timer;
			sourceTree = "<group>";
		};
		6936476C2997F4BA00E7E8A1 /* Preview Content */ = {
			isa = PBXGroup;
			children = (
				6936476D2997F4BA00E7E8A1 /* Preview Assets.xcassets */,
			);
			path = "Preview Content";
			sourceTree = "<group>";
		};
		693647762997F4BA00E7E8A1 /* TimerTests */ = {
			isa = PBXGroup;
			children = (
				693647772997F4BA00E7E8A1 /* TimerTests.swift */,
			);
			path = TimerTests;
			sourceTree = "<group>";
		};
		693647802997F4BA00E7E8A1 /* TimerUITests */ = {
			isa = PBXGroup;
			children = (
				693647812997F4BA00E7E8A1 /* TimerUITests.swift */,
				693647832997F4BA00E7E8A1 /* TimerUITestsLaunchTests.swift */,
			);
			path = TimerUITests;
			sourceTree = "<group>";
		};
		69364790299986FD00E7E8A1 /* View */ = {
			isa = PBXGroup;
			children = (
				693647942999879100E7E8A1 /* Home.swift */,
			);
			path = View;
			sourceTree = "<group>";
		};
		693647912999870800E7E8A1 /* ViewModel */ = {
			isa = PBXGroup;
			children = (
				693647922999871E00E7E8A1 /* TimerModel.swift */,
			);
			path = ViewModel;
			sourceTree = "<group>";
		};
/* End PBXGroup section */

/* Begin PBXNativeTarget section */
		693647622997F4B900E7E8A1 /* Timer */ = {
			isa = PBXNativeTarget;
			buildConfigurationList = 693647872997F4BA00E7E8A1 /* Build configuration list for PBXNativeTarget "Timer" */;
			buildPhases = (
				6936475F2997F4B900E7E8A1 /* Sources */,
				693647602997F4B900E7E8A1 /* Frameworks */,
				693647612997F4B900E7E8A1 /* Resources */,
			);
			buildRules = (
			);
			dependencies = (
			);
			name = Timer;
			productName = Timer;
			productReference = 693647632997F4B900E7E8A1 /* Timer.app */;
			productType = "com.apple.product-type.application";
		};
		693647722997F4BA00E7E8A1 /* TimerTests */ = {
			isa = PBXNativeTarget;
			buildConfigurationList = 6936478A2997F4BA00E7E8A1 /* Build configuration list for PBXNativeTarget "TimerTests" */;
			buildPhases = (
				6936476F2997F4BA00E7E8A1 /* Sources */,
				693647702997F4BA00E7E8A1 /* Frameworks */,
				693647712997F4BA00E7E8A1 /* Resources */,
			);
			buildRules = (
			);
			dependencies = (
				693647752997F4BA00E7E8A1 /* PBXTargetDependency */,
			);
			name = TimerTests;
			productName = TimerTests;
			productReference = 693647732997F4BA00E7E8A1 /* TimerTests.xctest */;
			productType = "com.apple.product-type.bundle.unit-test";
		};
		6936477C2997F4BA00E7E8A1 /* TimerUITests */ = {
			isa = PBXNativeTarget;
			buildConfigurationList = 6936478D2997F4BA00E7E8A1 /* Build configuration list for PBXNativeTarget "TimerUITests" */;
			buildPhases = (
				693647792997F4BA00E7E8A1 /* Sources */,
				6936477A2997F4BA00E7E8A1 /* Frameworks */,
				6936477B2997F4BA00E7E8A1 /* Resources */,
			);
			buildRules = (
			);
			dependencies = (
				6936477F2997F4BA00E7E8A1 /* PBXTargetDependency */,
			);
			name = TimerUITests;
			productName = TimerUITests;
			productReference = 6936477D2997F4BA00E7E8A1 /* TimerUITests.xctest */;
			productType = "com.apple.product-type.bundle.ui-testing";
		};
/* End PBXNativeTarget section */

/* Begin PBXProject section */
		6936475B2997F4B900E7E8A1 /* Project object */ = {
			isa = PBXProject;
			attributes = {
				BuildIndependentTargetsInParallel = 1;
				LastSwiftUpdateCheck = 1420;
				LastUpgradeCheck = 1420;
				TargetAttributes = {
					693647622997F4B900E7E8A1 = {
						CreatedOnToolsVersion = 14.2;
					};
					693647722997F4BA00E7E8A1 = {
						CreatedOnToolsVersion = 14.2;
						TestTargetID = 693647622997F4B900E7E8A1;
					};
					6936477C2997F4BA00E7E8A1 = {
						CreatedOnToolsVersion = 14.2;
						TestTargetID = 693647622997F4B900E7E8A1;
					};
				};
			};
			buildConfigurationList = 6936475E2997F4B900E7E8A1 /* Build configuration list for PBXProject "Timer" */;
			compatibilityVersion = "Xcode 14.0";
			developmentRegion = en;
			hasScannedForEncodings = 0;
			knownRegions = (
				en,
				Base,
			);
			mainGroup = 6936475A2997F4B900E7E8A1;
			productRefGroup = 693647642997F4B900E7E8A1 /* Products */;
			projectDirPath = "";
			projectRoot = "";
			targets = (
				693647622997F4B900E7E8A1 /* Timer */,
				693647722997F4BA00E7E8A1 /* TimerTests */,
				6936477C2997F4BA00E7E8A1 /* TimerUITests */,
			);
		};
/* End PBXProject section */

/* Begin PBXResourcesBuildPhase section */
		693647612997F4B900E7E8A1 /* Resources */ = {
			isa = PBXResourcesBuildPhase;
			buildActionMask = 2147483647;
			files = (
				6936476E2997F4BA00E7E8A1 /* Preview Assets.xcassets in Resources */,
				692A8DBE299CD175008AFD27 /* TerminaTest-Regular.otf in Resources */,
				6936476B2997F4BA00E7E8A1 /* Assets.xcassets in Resources */,
				692A8DBD299CD175008AFD27 /* TerminaTest-Thin.otf in Resources */,
			);
			runOnlyForDeploymentPostprocessing = 0;
		};
		693647712997F4BA00E7E8A1 /* Resources */ = {
			isa = PBXResourcesBuildPhase;
			buildActionMask = 2147483647;
			files = (
			);
			runOnlyForDeploymentPostprocessing = 0;
		};
		6936477B2997F4BA00E7E8A1 /* Resources */ = {
			isa = PBXResourcesBuildPhase;
			buildActionMask = 2147483647;
			files = (
			);
			runOnlyForDeploymentPostprocessing = 0;
		};
/* End PBXResourcesBuildPhase section */

/* Begin PBXSourcesBuildPhase section */
		6936475F2997F4B900E7E8A1 /* Sources */ = {
			isa = PBXSourcesBuildPhase;
			buildActionMask = 2147483647;
			files = (
				693647932999871E00E7E8A1 /* TimerModel.swift in Sources */,
				697B884B299CC787003681F1 /* ButtonPressAction.swift in Sources */,
				693647692997F4B900E7E8A1 /* ContentView.swift in Sources */,
				693647952999879100E7E8A1 /* Home.swift in Sources */,
				693647672997F4B900E7E8A1 /* TimerApp.swift in Sources */,
			);
			runOnlyForDeploymentPostprocessing = 0;
		};
		6936476F2997F4BA00E7E8A1 /* Sources */ = {
			isa = PBXSourcesBuildPhase;
			buildActionMask = 2147483647;
			files = (
				693647782997F4BA00E7E8A1 /* TimerTests.swift in Sources */,
			);
			runOnlyForDeploymentPostprocessing = 0;
		};
		693647792997F4BA00E7E8A1 /* Sources */ = {
			isa = PBXSourcesBuildPhase;
			buildActionMask = 2147483647;
			files = (
				693647842997F4BA00E7E8A1 /* TimerUITestsLaunchTests.swift in Sources */,
				693647822997F4BA00E7E8A1 /* TimerUITests.swift in Sources */,
			);
			runOnlyForDeploymentPostprocessing = 0;
		};
/* End PBXSourcesBuildPhase section */

/* Begin PBXTargetDependency section */
		693647752997F4BA00E7E8A1 /* PBXTargetDependency */ = {
			isa = PBXTargetDependency;
			target = 693647622997F4B900E7E8A1 /* Timer */;
			targetProxy = 693647742997F4BA00E7E8A1 /* PBXContainerItemProxy */;
		};
		6936477F2997F4BA00E7E8A1 /* PBXTargetDependency */ = {
			isa = PBXTargetDependency;
			target = 693647622997F4B900E7E8A1 /* Timer */;
			targetProxy = 6936477E2997F4BA00E7E8A1 /* PBXContainerItemProxy */;
		};
/* End PBXTargetDependency section */

/* Begin XCBuildConfiguration section */
		693647852997F4BA00E7E8A1 /* Debug */ = {
			isa = XCBuildConfiguration;
			buildSettings = {
				ALWAYS_SEARCH_USER_PATHS = NO;
				CLANG_ANALYZER_NONNULL = YES;
				CLANG_ANALYZER_NUMBER_OBJECT_CONVERSION = YES_AGGRESSIVE;
				CLANG_CXX_LANGUAGE_STANDARD = "gnu++20";
				CLANG_ENABLE_MODULES = YES;
				CLANG_ENABLE_OBJC_ARC = YES;
				CLANG_ENABLE_OBJC_WEAK = YES;
				CLANG_WARN_BLOCK_CAPTURE_AUTORELEASING = YES;
				CLANG_WARN_BOOL_CONVERSION = YES;
				CLANG_WARN_COMMA = YES;
				CLANG_WARN_CONSTANT_CONVERSION = YES;
				CLANG_WARN_DEPRECATED_OBJC_IMPLEMENTATIONS = YES;
				CLANG_WARN_DIRECT_OBJC_ISA_USAGE = YES_ERROR;
				CLANG_WARN_DOCUMENTATION_COMMENTS = YES;
				CLANG_WARN_EMPTY_BODY = YES;
				CLANG_WARN_ENUM_CONVERSION = YES;
				CLANG_WARN_INFINITE_RECURSION = YES;
				CLANG_WARN_INT_CONVERSION = YES;
				CLANG_WARN_NON_LITERAL_NULL_CONVERSION = YES;
				CLANG_WARN_OBJC_IMPLICIT_RETAIN_SELF = YES;
				CLANG_WARN_OBJC_LITERAL_CONVERSION = YES;
				CLANG_WARN_OBJC_ROOT_CLASS = YES_ERROR;
				CLANG_WARN_QUOTED_INCLUDE_IN_FRAMEWORK_HEADER = YES;
				CLANG_WARN_RANGE_LOOP_ANALYSIS = YES;
				CLANG_WARN_STRICT_PROTOTYPES = YES;
				CLANG_WARN_SUSPICIOUS_MOVE = YES;
				CLANG_WARN_UNGUARDED_AVAILABILITY = YES_AGGRESSIVE;
				CLANG_WARN_UNREACHABLE_CODE = YES;
				CLANG_WARN__DUPLICATE_METHOD_MATCH = YES;
				COPY_PHASE_STRIP = NO;
				DEBUG_INFORMATION_FORMAT = dwarf;
				ENABLE_STRICT_OBJC_MSGSEND = YES;
				ENABLE_TESTABILITY = YES;
				GCC_C_LANGUAGE_STANDARD = gnu11;
				GCC_DYNAMIC_NO_PIC = NO;
				GCC_NO_COMMON_BLOCKS = YES;
				GCC_OPTIMIZATION_LEVEL = 0;
				GCC_PREPROCESSOR_DEFINITIONS = (
					"DEBUG=1",
					"$(inherited)",
				);
				GCC_WARN_64_TO_32_BIT_CONVERSION = YES;
				GCC_WARN_ABOUT_RETURN_TYPE = YES_ERROR;
				GCC_WARN_UNDECLARED_SELECTOR = YES;
				GCC_WARN_UNINITIALIZED_AUTOS = YES_AGGRESSIVE;
				GCC_WARN_UNUSED_FUNCTION = YES;
				GCC_WARN_UNUSED_VARIABLE = YES;
				IPHONEOS_DEPLOYMENT_TARGET = 16.2;
				MTL_ENABLE_DEBUG_INFO = INCLUDE_SOURCE;
				MTL_FAST_MATH = YES;
				ONLY_ACTIVE_ARCH = YES;
				SDKROOT = iphoneos;
				SWIFT_ACTIVE_COMPILATION_CONDITIONS = DEBUG;
				SWIFT_OPTIMIZATION_LEVEL = "-Onone";
			};
			name = Debug;
		};
		693647862997F4BA00E7E8A1 /* Release */ = {
			isa = XCBuildConfiguration;
			buildSettings = {
				ALWAYS_SEARCH_USER_PATHS = NO;
				CLANG_ANALYZER_NONNULL = YES;
				CLANG_ANALYZER_NUMBER_OBJECT_CONVERSION = YES_AGGRESSIVE;
				CLANG_CXX_LANGUAGE_STANDARD = "gnu++20";
				CLANG_ENABLE_MODULES = YES;
				CLANG_ENABLE_OBJC_ARC = YES;
				CLANG_ENABLE_OBJC_WEAK = YES;
				CLANG_WARN_BLOCK_CAPTURE_AUTORELEASING = YES;
				CLANG_WARN_BOOL_CONVERSION = YES;
				CLANG_WARN_COMMA = YES;
				CLANG_WARN_CONSTANT_CONVERSION = YES;
				CLANG_WARN_DEPRECATED_OBJC_IMPLEMENTATIONS = YES;
				CLANG_WARN_DIRECT_OBJC_ISA_USAGE = YES_ERROR;
				CLANG_WARN_DOCUMENTATION_COMMENTS = YES;
				CLANG_WARN_EMPTY_BODY = YES;
				CLANG_WARN_ENUM_CONVERSION = YES;
				CLANG_WARN_INFINITE_RECURSION = YES;
				CLANG_WARN_INT_CONVERSION = YES;
				CLANG_WARN_NON_LITERAL_NULL_CONVERSION = YES;
				CLANG_WARN_OBJC_IMPLICIT_RETAIN_SELF = YES;
				CLANG_WARN_OBJC_LITERAL_CONVERSION = YES;
				CLANG_WARN_OBJC_ROOT_CLASS = YES_ERROR;
				CLANG_WARN_QUOTED_INCLUDE_IN_FRAMEWORK_HEADER = YES;
				CLANG_WARN_RANGE_LOOP_ANALYSIS = YES;
				CLANG_WARN_STRICT_PROTOTYPES = YES;
				CLANG_WARN_SUSPICIOUS_MOVE = YES;
				CLANG_WARN_UNGUARDED_AVAILABILITY = YES_AGGRESSIVE;
				CLANG_WARN_UNREACHABLE_CODE = YES;
				CLANG_WARN__DUPLICATE_METHOD_MATCH = YES;
				COPY_PHASE_STRIP = NO;
				DEBUG_INFORMATION_FORMAT = "dwarf-with-dsym";
				ENABLE_NS_ASSERTIONS = NO;
				ENABLE_STRICT_OBJC_MSGSEND = YES;
				GCC_C_LANGUAGE_STANDARD = gnu11;
				GCC_NO_COMMON_BLOCKS = YES;
				GCC_WARN_64_TO_32_BIT_CONVERSION = YES;
				GCC_WARN_ABOUT_RETURN_TYPE = YES_ERROR;
				GCC_WARN_UNDECLARED_SELECTOR = YES;
				GCC_WARN_UNINITIALIZED_AUTOS = YES_AGGRESSIVE;
				GCC_WARN_UNUSED_FUNCTION = YES;
				GCC_WARN_UNUSED_VARIABLE = YES;
				IPHONEOS_DEPLOYMENT_TARGET = 16.2;
				MTL_ENABLE_DEBUG_INFO = NO;
				MTL_FAST_MATH = YES;
				SDKROOT = iphoneos;
				SWIFT_COMPILATION_MODE = wholemodule;
				SWIFT_OPTIMIZATION_LEVEL = "-O";
				VALIDATE_PRODUCT = YES;
			};
			name = Release;
		};
		693647882997F4BA00E7E8A1 /* Debug */ = {
			isa = XCBuildConfiguration;
			buildSettings = {
				ASSETCATALOG_COMPILER_APPICON_NAME = AppIcon;
				ASSETCATALOG_COMPILER_GLOBAL_ACCENT_COLOR_NAME = AccentColor;
				CODE_SIGN_STYLE = Automatic;
				CURRENT_PROJECT_VERSION = 1;
				DEVELOPMENT_ASSET_PATHS = "\"Timer/Preview Content\"";
				ENABLE_PREVIEWS = YES;
				GENERATE_INFOPLIST_FILE = YES;
				INFOPLIST_FILE = Timer/Info.plist;
				INFOPLIST_KEY_UIApplicationSceneManifest_Generation = YES;
				INFOPLIST_KEY_UIApplicationSupportsIndirectInputEvents = YES;
				INFOPLIST_KEY_UILaunchScreen_Generation = YES;
				INFOPLIST_KEY_UISupportedInterfaceOrientations_iPad = "UIInterfaceOrientationPortrait UIInterfaceOrientationPortraitUpsideDown UIInterfaceOrientationLandscapeLeft UIInterfaceOrientationLandscapeRight";
				INFOPLIST_KEY_UISupportedInterfaceOrientations_iPhone = "UIInterfaceOrientationPortrait UIInterfaceOrientationLandscapeLeft UIInterfaceOrientationLandscapeRight";
				LD_RUNPATH_SEARCH_PATHS = (
					"$(inherited)",
					"@executable_path/Frameworks",
				);
				MARKETING_VERSION = 1.0;
				PRODUCT_BUNDLE_IDENTIFIER = "Nick-Theodoridis.Timer";
				PRODUCT_NAME = "$(TARGET_NAME)";
				SWIFT_EMIT_LOC_STRINGS = YES;
				SWIFT_VERSION = 5.0;
				TARGETED_DEVICE_FAMILY = "1,2";
			};
			name = Debug;
		};
		693647892997F4BA00E7E8A1 /* Release */ = {
			isa = XCBuildConfiguration;
			buildSettings = {
				ASSETCATALOG_COMPILER_APPICON_NAME = AppIcon;
				ASSETCATALOG_COMPILER_GLOBAL_ACCENT_COLOR_NAME = AccentColor;
				CODE_SIGN_STYLE = Automatic;
				CURRENT_PROJECT_VERSION = 1;
				DEVELOPMENT_ASSET_PATHS = "\"Timer/Preview Content\"";
				ENABLE_PREVIEWS = YES;
				GENERATE_INFOPLIST_FILE = YES;
				INFOPLIST_FILE = Timer/Info.plist;
				INFOPLIST_KEY_UIApplicationSceneManifest_Generation = YES;
				INFOPLIST_KEY_UIApplicationSupportsIndirectInputEvents = YES;
				INFOPLIST_KEY_UILaunchScreen_Generation = YES;
				INFOPLIST_KEY_UISupportedInterfaceOrientations_iPad = "UIInterfaceOrientationPortrait UIInterfaceOrientationPortraitUpsideDown UIInterfaceOrientationLandscapeLeft UIInterfaceOrientationLandscapeRight";
				INFOPLIST_KEY_UISupportedInterfaceOrientations_iPhone = "UIInterfaceOrientationPortrait UIInterfaceOrientationLandscapeLeft UIInterfaceOrientationLandscapeRight";
				LD_RUNPATH_SEARCH_PATHS = (
					"$(inherited)",
					"@executable_path/Frameworks",
				);
				MARKETING_VERSION = 1.0;
				PRODUCT_BUNDLE_IDENTIFIER = "Nick-Theodoridis.Timer";
				PRODUCT_NAME = "$(TARGET_NAME)";
				SWIFT_EMIT_LOC_STRINGS = YES;
				SWIFT_VERSION = 5.0;
				TARGETED_DEVICE_FAMILY = "1,2";
			};
			name = Release;
		};
		6936478B2997F4BA00E7E8A1 /* Debug */ = {
			isa = XCBuildConfiguration;
			buildSettings = {
				ALWAYS_EMBED_SWIFT_STANDARD_LIBRARIES = YES;
				BUNDLE_LOADER = "$(TEST_HOST)";
				CODE_SIGN_STYLE = Automatic;
				CURRENT_PROJECT_VERSION = 1;
				GENERATE_INFOPLIST_FILE = YES;
				IPHONEOS_DEPLOYMENT_TARGET = 16.2;
				MARKETING_VERSION = 1.0;
				PRODUCT_BUNDLE_IDENTIFIER = "Nick-Theodoridis.TimerTests";
				PRODUCT_NAME = "$(TARGET_NAME)";
				SWIFT_EMIT_LOC_STRINGS = NO;
				SWIFT_VERSION = 5.0;
				TARGETED_DEVICE_FAMILY = "1,2";
				TEST_HOST = "$(BUILT_PRODUCTS_DIR)/Timer.app/$(BUNDLE_EXECUTABLE_FOLDER_PATH)/Timer";
			};
			name = Debug;
		};
		6936478C2997F4BA00E7E8A1 /* Release */ = {
			isa = XCBuildConfiguration;
			buildSettings = {
				ALWAYS_EMBED_SWIFT_STANDARD_LIBRARIES = YES;
				BUNDLE_LOADER = "$(TEST_HOST)";
				CODE_SIGN_STYLE = Automatic;
				CURRENT_PROJECT_VERSION = 1;
				GENERATE_INFOPLIST_FILE = YES;
				IPHONEOS_DEPLOYMENT_TARGET = 16.2;
				MARKETING_VERSION = 1.0;
				PRODUCT_BUNDLE_IDENTIFIER = "Nick-Theodoridis.TimerTests";
				PRODUCT_NAME = "$(TARGET_NAME)";
				SWIFT_EMIT_LOC_STRINGS = NO;
				SWIFT_VERSION = 5.0;
				TARGETED_DEVICE_FAMILY = "1,2";
				TEST_HOST = "$(BUILT_PRODUCTS_DIR)/Timer.app/$(BUNDLE_EXECUTABLE_FOLDER_PATH)/Timer";
			};
			name = Release;
		};
		6936478E2997F4BA00E7E8A1 /* Debug */ = {
			isa = XCBuildConfiguration;
			buildSettings = {
				ALWAYS_EMBED_SWIFT_STANDARD_LIBRARIES = YES;
				CODE_SIGN_STYLE = Automatic;
				CURRENT_PROJECT_VERSION = 1;
				GENERATE_INFOPLIST_FILE = YES;
				MARKETING_VERSION = 1.0;
				PRODUCT_BUNDLE_IDENTIFIER = "Nick-Theodoridis.TimerUITests";
				PRODUCT_NAME = "$(TARGET_NAME)";
				SWIFT_EMIT_LOC_STRINGS = NO;
				SWIFT_VERSION = 5.0;
				TARGETED_DEVICE_FAMILY = "1,2";
				TEST_TARGET_NAME = Timer;
			};
			name = Debug;
		};
		6936478F2997F4BA00E7E8A1 /* Release */ = {
			isa = XCBuildConfiguration;
			buildSettings = {
				ALWAYS_EMBED_SWIFT_STANDARD_LIBRARIES = YES;
				CODE_SIGN_STYLE = Automatic;
				CURRENT_PROJECT_VERSION = 1;
				GENERATE_INFOPLIST_FILE = YES;
				MARKETING_VERSION = 1.0;
				PRODUCT_BUNDLE_IDENTIFIER = "Nick-Theodoridis.TimerUITests";
				PRODUCT_NAME = "$(TARGET_NAME)";
				SWIFT_EMIT_LOC_STRINGS = NO;
				SWIFT_VERSION = 5.0;
				TARGETED_DEVICE_FAMILY = "1,2";
				TEST_TARGET_NAME = Timer;
			};
			name = Release;
		};
/* End XCBuildConfiguration section */

/* Begin XCConfigurationList section */
		6936475E2997F4B900E7E8A1 /* Build configuration list for PBXProject "Timer" */ = {
			isa = XCConfigurationList;
			buildConfigurations = (
				693647852997F4BA00E7E8A1 /* Debug */,
				693647862997F4BA00E7E8A1 /* Release */,
			);
			defaultConfigurationIsVisible = 0;
			defaultConfigurationName = Release;
		};
		693647872997F4BA00E7E8A1 /* Build configuration list for PBXNativeTarget "Timer" */ = {
			isa = XCConfigurationList;
			buildConfigurations = (
				693647882997F4BA00E7E8A1 /* Debug */,
				693647892997F4BA00E7E8A1 /* Release */,
			);
			defaultConfigurationIsVisible = 0;
			defaultConfigurationName = Release;
		};
		6936478A2997F4BA00E7E8A1 /* Build configuration list for PBXNativeTarget "TimerTests" */ = {
			isa = XCConfigurationList;
			buildConfigurations = (
				6936478B2997F4BA00E7E8A1 /* Debug */,
				6936478C2997F4BA00E7E8A1 /* Release */,
			);
			defaultConfigurationIsVisible = 0;
			defaultConfigurationName = Release;
		};
		6936478D2997F4BA00E7E8A1 /* Build configuration list for PBXNativeTarget "TimerUITests" */ = {
			isa = XCConfigurationList;
			buildConfigurations = (
				6936478E2997F4BA00E7E8A1 /* Debug */,
				6936478F2997F4BA00E7E8A1 /* Release */,
			);
			defaultConfigurationIsVisible = 0;
			defaultConfigurationName = Release;
		};
/* End XCConfigurationList section */
	};
	rootObject = 6936475B2997F4B900E7E8A1 /* Project object */;
}
